
Microsoft Visual Studio Solution File, Format Version 12.00
# Visual Studio Version 17
VisualStudioVersion = 17.4.33110.190
MinimumVisualStudioVersion = 10.0.40219.1
Project("{FAE04EC0-301F-11D3-BF4B-00C04F79EFBC}") = "WindowsFormsApp16", "WindowsFormsApp16\WindowsFormsApp16.csproj", "{22DF74BE-72B3-48BA-BED2-AB4404B148D5}"
EndProject
Global
	GlobalSection(SolutionConfigurationPlatforms) = preSolution
		Debug|Any CPU = Debug|Any CPU
		Release|Any CPU = Release|Any CPU
	EndGlobalSection
	GlobalSection(ProjectConfigurationPlatforms) = postSolution
		{22DF74BE-72B3-48BA-BED2-AB4404B148D5}.Debug|Any CPU.ActiveCfg = Debug|Any CPU
		{22DF74BE-72B3-48BA-BED2-AB4404B148D5}.Debug|Any CPU.Build.0 = Debug|Any CPU
		{22DF74BE-72B3-48BA-BED2-AB4404B148D5}.Release|Any CPU.ActiveCfg = Release|Any CPU
		{22DF74BE-72B3-48BA-BED2-AB4404B148D5}.Release|Any CPU.Build.0 = Release|Any CPU
	EndGlobalSection
	GlobalSection(SolutionProperties) = preSolution
		HideSolutionNode = FALSE
	EndGlobalSection
	GlobalSection(ExtensibilityGlobals) = postSolution
		SolutionGuid = {88BD5A9E-0348-4B4E-B45B-329AD2A2FF65}
	EndGlobalSection
EndGlobal
